
Microsoft Visual Studio Solution File, Format Version 12.00
# Visual Studio Version 17
VisualStudioVersion = 17.12.35707.178
MinimumVisualStudioVersion = 10.0.40219.1
Project("{FAE04EC0-301F-11D3-BF4B-00C04F79EFBC}") = "SistemaGimnasio", "SistemaGimnasio.csproj", "{7703B566-07BD-472D-AE17-0D4748257496}"
EndProject
Project("{FAE04EC0-301F-11D3-BF4B-00C04F79EFBC}") = "SistemaGimnasio.Test", "..\SistemaGimnasio.Test\SistemaGimnasio.Test.csproj", "{9451F219-4EAC-4575-B509-7C5AA6F6E286}"
EndProject
Global
	GlobalSection(SolutionConfigurationPlatforms) = preSolution
		Debug|Any CPU = Debug|Any CPU
		Release|Any CPU = Release|Any CPU
	EndGlobalSection
	GlobalSection(ProjectConfigurationPlatforms) = postSolution
		{7703B566-07BD-472D-AE17-0D4748257496}.Debug|Any CPU.ActiveCfg = Debug|Any CPU
		{7703B566-07BD-472D-AE17-0D4748257496}.Debug|Any CPU.Build.0 = Debug|Any CPU
		{7703B566-07BD-472D-AE17-0D4748257496}.Release|Any CPU.ActiveCfg = Release|Any CPU
		{7703B566-07BD-472D-AE17-0D4748257496}.Release|Any CPU.Build.0 = Release|Any CPU
		{9451F219-4EAC-4575-B509-7C5AA6F6E286}.Debug|Any CPU.ActiveCfg = Debug|Any CPU
		{9451F219-4EAC-4575-B509-7C5AA6F6E286}.Debug|Any CPU.Build.0 = Debug|Any CPU
		{9451F219-4EAC-4575-B509-7C5AA6F6E286}.Release|Any CPU.ActiveCfg = Release|Any CPU
		{9451F219-4EAC-4575-B509-7C5AA6F6E286}.Release|Any CPU.Build.0 = Release|Any CPU
	EndGlobalSection
	GlobalSection(SolutionProperties) = preSolution
		HideSolutionNode = FALSE
	EndGlobalSection
EndGlobal
